
Microsoft Visual Studio Solution File, Format Version 12.00
# Visual Studio Version 17
VisualStudioVersion = 17.13.35818.85 d17.13
MinimumVisualStudioVersion = 10.0.40219.1
Project("{FAE04EC0-301F-11D3-BF4B-00C04F79EFBC}") = "WebQLDaoTao", "WebQLDaoTao\WebQLDaoTao.csproj", "{51732C0F-F18A-4038-A9E7-CE55C66E85BC}"
EndProject
Global
	GlobalSection(SolutionConfigurationPlatforms) = preSolution
		Debug|Any CPU = Debug|Any CPU
		Release|Any CPU = Release|Any CPU
	EndGlobalSection
	GlobalSection(ProjectConfigurationPlatforms) = postSolution
		{51732C0F-F18A-4038-A9E7-CE55C66E85BC}.Debug|Any CPU.ActiveCfg = Debug|Any CPU
		{51732C0F-F18A-4038-A9E7-CE55C66E85BC}.Debug|Any CPU.Build.0 = Debug|Any CPU
		{51732C0F-F18A-4038-A9E7-CE55C66E85BC}.Release|Any CPU.ActiveCfg = Release|Any CPU
		{51732C0F-F18A-4038-A9E7-CE55C66E85BC}.Release|Any CPU.Build.0 = Release|Any CPU
	EndGlobalSection
	GlobalSection(SolutionProperties) = preSolution
		HideSolutionNode = FALSE
	EndGlobalSection
	GlobalSection(ExtensibilityGlobals) = postSolution
		SolutionGuid = {A19138C4-E77D-4ADC-B704-F07F3A71769A}
	EndGlobalSection
EndGlobal
